
Microsoft Visual Studio Solution File, Format Version 12.00
# Visual Studio 2013
VisualStudioVersion = 12.0.30110.0
MinimumVisualStudioVersion = 10.0.40219.1
Project("{FAE04EC0-301F-11D3-BF4B-00C04F79EFBC}") = "General", "General\General.csproj", "{49EE5282-635C-4B6F-B513-B048430AA935}"
EndProject
Project("{FAE04EC0-301F-11D3-BF4B-00C04F79EFBC}") = "General.CC", "General.CC\General.CC.csproj", "{44534055-B3B5-4A94-B459-9D37AB1600B1}"
EndProject
Project("{FAE04EC0-301F-11D3-BF4B-00C04F79EFBC}") = "General.Data.Test", "General.Data.Test\General.Data.Test.csproj", "{16E3D45D-CB7B-499F-9C98-07E71BB23E3A}"
EndProject
Project("{FAE04EC0-301F-11D3-BF4B-00C04F79EFBC}") = "General.Extension", "General.Extension\General.Extension.csproj", "{586D4D3D-48CB-4CE0-9856-3E50932F9CE3}"
EndProject
Project("{FAE04EC0-301F-11D3-BF4B-00C04F79EFBC}") = "General.Log", "General.Log\General.Log.csproj", "{CE739469-745E-429E-A4E0-E6171D7AAD99}"
EndProject
Project("{FAE04EC0-301F-11D3-BF4B-00C04F79EFBC}") = "General.Log.Test", "General.Log.Test\General.Log.Test.csproj", "{E68F309C-AA06-4CB9-9EFF-F47B05F016F2}"
EndProject
Project("{FAE04EC0-301F-11D3-BF4B-00C04F79EFBC}") = "General.MPF", "General.MPF\General.MPF.csproj", "{FF6A7CBF-E632-4673-BAB7-B9386C74782A}"
EndProject
Project("{FAE04EC0-301F-11D3-BF4B-00C04F79EFBC}") = "General.Service", "General.Service\General.Service.csproj", "{74660EED-8A4F-4251-AAC3-FC7F82A6B643}"
EndProject
Project("{FAE04EC0-301F-11D3-BF4B-00C04F79EFBC}") = "General.Service.Test", "General.Service.Test\General.Service.Test.csproj", "{B2B915CD-CD93-49A0-9181-2E2FC7C89383}"
EndProject
Project("{FAE04EC0-301F-11D3-BF4B-00C04F79EFBC}") = "General.Test", "General.Test\General.Test.csproj", "{61029C89-4429-47DB-9CCA-940D4FAD543B}"
EndProject
Project("{FAE04EC0-301F-11D3-BF4B-00C04F79EFBC}") = "General.UC", "General.UC\General.UC.csproj", "{70DD9B73-9C3D-4232-B87C-CC24BCCC48FD}"
EndProject
Project("{FAE04EC0-301F-11D3-BF4B-00C04F79EFBC}") = "General.Data", "Gerenal.Data\General.Data.csproj", "{A38DD1E0-5DA1-4322-AFC4-5019308253D4}"
EndProject
Project("{FAE04EC0-301F-11D3-BF4B-00C04F79EFBC}") = "Gerneral.Helper", "Gerneral.Helper\Gerneral.Helper.csproj", "{42BCB8C2-5157-4ADF-ADFC-FEED4F4B2EE2}"
EndProject
Project("{FAE04EC0-301F-11D3-BF4B-00C04F79EFBC}") = "General.SMS", "General.SMS\General.SMS.csproj", "{2B504BB4-801A-452D-B246-C5B5C571EFEA}"
EndProject
Project("{2150E333-8FDC-42A3-9474-1A3956D46DE8}") = "測試單元", "測試單元", "{73577042-FC45-43A9-8C64-DB9F41092F62}"
EndProject
Project("{FAE04EC0-301F-11D3-BF4B-00C04F79EFBC}") = "General.SMS.Test", "General.SMS.Test\General.SMS.Test.csproj", "{7F755C52-C06F-4881-818A-FF512D91AED7}"
EndProject
Project("{2150E333-8FDC-42A3-9474-1A3956D46DE8}") = "停用專案", "停用專案", "{0C26BC66-C314-4FC1-BEE7-066731C92CC1}"
EndProject
Project("{2150E333-8FDC-42A3-9474-1A3956D46DE8}") = "Mediaroom", "Mediaroom", "{297A1CC6-0E3C-4F9A-9BC6-FD891EAF0A45}"
EndProject
Global
	GlobalSection(SolutionConfigurationPlatforms) = preSolution
		Debug|Any CPU = Debug|Any CPU
		Debug|x86 = Debug|x86
		Release|Any CPU = Release|Any CPU
		Release|x86 = Release|x86
		Test|Any CPU = Test|Any CPU
		Test|x86 = Test|x86
	EndGlobalSection
	GlobalSection(ProjectConfigurationPlatforms) = postSolution
		{49EE5282-635C-4B6F-B513-B048430AA935}.Debug|Any CPU.ActiveCfg = Debug|Any CPU
		{49EE5282-635C-4B6F-B513-B048430AA935}.Debug|Any CPU.Build.0 = Debug|Any CPU
		{49EE5282-635C-4B6F-B513-B048430AA935}.Debug|x86.ActiveCfg = Debug|x86
		{49EE5282-635C-4B6F-B513-B048430AA935}.Debug|x86.Build.0 = Debug|x86
		{49EE5282-635C-4B6F-B513-B048430AA935}.Release|Any CPU.ActiveCfg = Release|Any CPU
		{49EE5282-635C-4B6F-B513-B048430AA935}.Release|Any CPU.Build.0 = Release|Any CPU
		{49EE5282-635C-4B6F-B513-B048430AA935}.Release|x86.ActiveCfg = Release|x86
		{49EE5282-635C-4B6F-B513-B048430AA935}.Release|x86.Build.0 = Release|x86
		{49EE5282-635C-4B6F-B513-B048430AA935}.Test|Any CPU.ActiveCfg = Release|Any CPU
		{49EE5282-635C-4B6F-B513-B048430AA935}.Test|Any CPU.Build.0 = Release|Any CPU
		{49EE5282-635C-4B6F-B513-B048430AA935}.Test|x86.ActiveCfg = Release|x86
		{49EE5282-635C-4B6F-B513-B048430AA935}.Test|x86.Build.0 = Release|x86
		{44534055-B3B5-4A94-B459-9D37AB1600B1}.Debug|Any CPU.ActiveCfg = Debug|Any CPU
		{44534055-B3B5-4A94-B459-9D37AB1600B1}.Debug|Any CPU.Build.0 = Debug|Any CPU
		{44534055-B3B5-4A94-B459-9D37AB1600B1}.Debug|x86.ActiveCfg = Debug|Any CPU
		{44534055-B3B5-4A94-B459-9D37AB1600B1}.Release|Any CPU.ActiveCfg = Release|Any CPU
		{44534055-B3B5-4A94-B459-9D37AB1600B1}.Release|Any CPU.Build.0 = Release|Any CPU
		{44534055-B3B5-4A94-B459-9D37AB1600B1}.Release|x86.ActiveCfg = Release|Any CPU
		{44534055-B3B5-4A94-B459-9D37AB1600B1}.Test|Any CPU.ActiveCfg = Release|Any CPU
		{44534055-B3B5-4A94-B459-9D37AB1600B1}.Test|Any CPU.Build.0 = Release|Any CPU
		{44534055-B3B5-4A94-B459-9D37AB1600B1}.Test|x86.ActiveCfg = Release|Any CPU
		{16E3D45D-CB7B-499F-9C98-07E71BB23E3A}.Debug|Any CPU.ActiveCfg = Debug|Any CPU
		{16E3D45D-CB7B-499F-9C98-07E71BB23E3A}.Debug|Any CPU.Build.0 = Debug|Any CPU
		{16E3D45D-CB7B-499F-9C98-07E71BB23E3A}.Debug|x86.ActiveCfg = Debug|Any CPU
		{16E3D45D-CB7B-499F-9C98-07E71BB23E3A}.Release|Any CPU.ActiveCfg = Release|Any CPU
		{16E3D45D-CB7B-499F-9C98-07E71BB23E3A}.Release|Any CPU.Build.0 = Release|Any CPU
		{16E3D45D-CB7B-499F-9C98-07E71BB23E3A}.Release|x86.ActiveCfg = Release|Any CPU
		{16E3D45D-CB7B-499F-9C98-07E71BB23E3A}.Test|Any CPU.ActiveCfg = Release|Any CPU
		{16E3D45D-CB7B-499F-9C98-07E71BB23E3A}.Test|Any CPU.Build.0 = Release|Any CPU
		{16E3D45D-CB7B-499F-9C98-07E71BB23E3A}.Test|x86.ActiveCfg = Release|Any CPU
		{586D4D3D-48CB-4CE0-9856-3E50932F9CE3}.Debug|Any CPU.ActiveCfg = Debug|Any CPU
		{586D4D3D-48CB-4CE0-9856-3E50932F9CE3}.Debug|Any CPU.Build.0 = Debug|Any CPU
		{586D4D3D-48CB-4CE0-9856-3E50932F9CE3}.Debug|x86.ActiveCfg = Debug|Any CPU
		{586D4D3D-48CB-4CE0-9856-3E50932F9CE3}.Release|Any CPU.ActiveCfg = Release|Any CPU
		{586D4D3D-48CB-4CE0-9856-3E50932F9CE3}.Release|Any CPU.Build.0 = Release|Any CPU
		{586D4D3D-48CB-4CE0-9856-3E50932F9CE3}.Release|x86.ActiveCfg = Release|Any CPU
		{586D4D3D-48CB-4CE0-9856-3E50932F9CE3}.Test|Any CPU.ActiveCfg = Release|Any CPU
		{586D4D3D-48CB-4CE0-9856-3E50932F9CE3}.Test|Any CPU.Build.0 = Release|Any CPU
		{586D4D3D-48CB-4CE0-9856-3E50932F9CE3}.Test|x86.ActiveCfg = Release|Any CPU
		{CE739469-745E-429E-A4E0-E6171D7AAD99}.Debug|Any CPU.ActiveCfg = Debug|Any CPU
		{CE739469-745E-429E-A4E0-E6171D7AAD99}.Debug|Any CPU.Build.0 = Debug|Any CPU
		{CE739469-745E-429E-A4E0-E6171D7AAD99}.Debug|x86.ActiveCfg = Debug|Any CPU
		{CE739469-745E-429E-A4E0-E6171D7AAD99}.Release|Any CPU.ActiveCfg = Release|Any CPU
		{CE739469-745E-429E-A4E0-E6171D7AAD99}.Release|Any CPU.Build.0 = Release|Any CPU
		{CE739469-745E-429E-A4E0-E6171D7AAD99}.Release|x86.ActiveCfg = Release|Any CPU
		{CE739469-745E-429E-A4E0-E6171D7AAD99}.Test|Any CPU.ActiveCfg = Release|Any CPU
		{CE739469-745E-429E-A4E0-E6171D7AAD99}.Test|Any CPU.Build.0 = Release|Any CPU
		{CE739469-745E-429E-A4E0-E6171D7AAD99}.Test|x86.ActiveCfg = Release|Any CPU
		{E68F309C-AA06-4CB9-9EFF-F47B05F016F2}.Debug|Any CPU.ActiveCfg = Debug|Any CPU
		{E68F309C-AA06-4CB9-9EFF-F47B05F016F2}.Debug|Any CPU.Build.0 = Debug|Any CPU
		{E68F309C-AA06-4CB9-9EFF-F47B05F016F2}.Debug|x86.ActiveCfg = Debug|Any CPU
		{E68F309C-AA06-4CB9-9EFF-F47B05F016F2}.Release|Any CPU.ActiveCfg = Release|Any CPU
		{E68F309C-AA06-4CB9-9EFF-F47B05F016F2}.Release|Any CPU.Build.0 = Release|Any CPU
		{E68F309C-AA06-4CB9-9EFF-F47B05F016F2}.Release|x86.ActiveCfg = Release|Any CPU
		{E68F309C-AA06-4CB9-9EFF-F47B05F016F2}.Test|Any CPU.ActiveCfg = Release|Any CPU
		{E68F309C-AA06-4CB9-9EFF-F47B05F016F2}.Test|Any CPU.Build.0 = Release|Any CPU
		{E68F309C-AA06-4CB9-9EFF-F47B05F016F2}.Test|x86.ActiveCfg = Release|Any CPU
		{FF6A7CBF-E632-4673-BAB7-B9386C74782A}.Debug|Any CPU.ActiveCfg = Debug|Any CPU
		{FF6A7CBF-E632-4673-BAB7-B9386C74782A}.Debug|Any CPU.Build.0 = Debug|Any CPU
		{FF6A7CBF-E632-4673-BAB7-B9386C74782A}.Debug|x86.ActiveCfg = Debug|Any CPU
		{FF6A7CBF-E632-4673-BAB7-B9386C74782A}.Release|Any CPU.ActiveCfg = Release|Any CPU
		{FF6A7CBF-E632-4673-BAB7-B9386C74782A}.Release|Any CPU.Build.0 = Release|Any CPU
		{FF6A7CBF-E632-4673-BAB7-B9386C74782A}.Release|x86.ActiveCfg = Release|Any CPU
		{FF6A7CBF-E632-4673-BAB7-B9386C74782A}.Test|Any CPU.ActiveCfg = Release|Any CPU
		{FF6A7CBF-E632-4673-BAB7-B9386C74782A}.Test|Any CPU.Build.0 = Release|Any CPU
		{FF6A7CBF-E632-4673-BAB7-B9386C74782A}.Test|x86.ActiveCfg = Release|Any CPU
		{74660EED-8A4F-4251-AAC3-FC7F82A6B643}.Debug|Any CPU.ActiveCfg = Debug|Any CPU
		{74660EED-8A4F-4251-AAC3-FC7F82A6B643}.Debug|Any CPU.Build.0 = Debug|Any CPU
		{74660EED-8A4F-4251-AAC3-FC7F82A6B643}.Debug|x86.ActiveCfg = Debug|Any CPU
		{74660EED-8A4F-4251-AAC3-FC7F82A6B643}.Release|Any CPU.ActiveCfg = Release|Any CPU
		{74660EED-8A4F-4251-AAC3-FC7F82A6B643}.Release|Any CPU.Build.0 = Release|Any CPU
		{74660EED-8A4F-4251-AAC3-FC7F82A6B643}.Release|x86.ActiveCfg = Release|Any CPU
		{74660EED-8A4F-4251-AAC3-FC7F82A6B643}.Test|Any CPU.ActiveCfg = Release|Any CPU
		{74660EED-8A4F-4251-AAC3-FC7F82A6B643}.Test|Any CPU.Build.0 = Release|Any CPU
		{74660EED-8A4F-4251-AAC3-FC7F82A6B643}.Test|x86.ActiveCfg = Release|Any CPU
		{B2B915CD-CD93-49A0-9181-2E2FC7C89383}.Debug|Any CPU.ActiveCfg = Debug|Any CPU
		{B2B915CD-CD93-49A0-9181-2E2FC7C89383}.Debug|Any CPU.Build.0 = Debug|Any CPU
		{B2B915CD-CD93-49A0-9181-2E2FC7C89383}.Debug|x86.ActiveCfg = Debug|Any CPU
		{B2B915CD-CD93-49A0-9181-2E2FC7C89383}.Release|Any CPU.ActiveCfg = Release|Any CPU
		{B2B915CD-CD93-49A0-9181-2E2FC7C89383}.Release|Any CPU.Build.0 = Release|Any CPU
		{B2B915CD-CD93-49A0-9181-2E2FC7C89383}.Release|x86.ActiveCfg = Release|Any CPU
		{B2B915CD-CD93-49A0-9181-2E2FC7C89383}.Test|Any CPU.ActiveCfg = Release|Any CPU
		{B2B915CD-CD93-49A0-9181-2E2FC7C89383}.Test|Any CPU.Build.0 = Release|Any CPU
		{B2B915CD-CD93-49A0-9181-2E2FC7C89383}.Test|x86.ActiveCfg = Release|Any CPU
		{61029C89-4429-47DB-9CCA-940D4FAD543B}.Debug|Any CPU.ActiveCfg = Debug|Any CPU
		{61029C89-4429-47DB-9CCA-940D4FAD543B}.Debug|Any CPU.Build.0 = Debug|Any CPU
		{61029C89-4429-47DB-9CCA-940D4FAD543B}.Debug|x86.ActiveCfg = Debug|Any CPU
		{61029C89-4429-47DB-9CCA-940D4FAD543B}.Release|Any CPU.ActiveCfg = Release|Any CPU
		{61029C89-4429-47DB-9CCA-940D4FAD543B}.Release|Any CPU.Build.0 = Release|Any CPU
		{61029C89-4429-47DB-9CCA-940D4FAD543B}.Release|x86.ActiveCfg = Release|Any CPU
		{61029C89-4429-47DB-9CCA-940D4FAD543B}.Test|Any CPU.ActiveCfg = Release|Any CPU
		{61029C89-4429-47DB-9CCA-940D4FAD543B}.Test|Any CPU.Build.0 = Release|Any CPU
		{61029C89-4429-47DB-9CCA-940D4FAD543B}.Test|x86.ActiveCfg = Release|Any CPU
		{70DD9B73-9C3D-4232-B87C-CC24BCCC48FD}.Debug|Any CPU.ActiveCfg = Debug|Any CPU
		{70DD9B73-9C3D-4232-B87C-CC24BCCC48FD}.Debug|Any CPU.Build.0 = Debug|Any CPU
		{70DD9B73-9C3D-4232-B87C-CC24BCCC48FD}.Debug|x86.ActiveCfg = Debug|Any CPU
		{70DD9B73-9C3D-4232-B87C-CC24BCCC48FD}.Release|Any CPU.ActiveCfg = Release|Any CPU
		{70DD9B73-9C3D-4232-B87C-CC24BCCC48FD}.Release|Any CPU.Build.0 = Release|Any CPU
		{70DD9B73-9C3D-4232-B87C-CC24BCCC48FD}.Release|x86.ActiveCfg = Release|Any CPU
		{70DD9B73-9C3D-4232-B87C-CC24BCCC48FD}.Test|Any CPU.ActiveCfg = Release|Any CPU
		{70DD9B73-9C3D-4232-B87C-CC24BCCC48FD}.Test|Any CPU.Build.0 = Release|Any CPU
		{70DD9B73-9C3D-4232-B87C-CC24BCCC48FD}.Test|x86.ActiveCfg = Release|Any CPU
		{A38DD1E0-5DA1-4322-AFC4-5019308253D4}.Debug|Any CPU.ActiveCfg = Debug|Any CPU
		{A38DD1E0-5DA1-4322-AFC4-5019308253D4}.Debug|Any CPU.Build.0 = Debug|Any CPU
		{A38DD1E0-5DA1-4322-AFC4-5019308253D4}.Debug|x86.ActiveCfg = Debug|x86
		{A38DD1E0-5DA1-4322-AFC4-5019308253D4}.Debug|x86.Build.0 = Debug|x86
		{A38DD1E0-5DA1-4322-AFC4-5019308253D4}.Release|Any CPU.ActiveCfg = Release|Any CPU
		{A38DD1E0-5DA1-4322-AFC4-5019308253D4}.Release|Any CPU.Build.0 = Release|Any CPU
		{A38DD1E0-5DA1-4322-AFC4-5019308253D4}.Release|x86.ActiveCfg = Release|x86
		{A38DD1E0-5DA1-4322-AFC4-5019308253D4}.Release|x86.Build.0 = Release|x86
		{A38DD1E0-5DA1-4322-AFC4-5019308253D4}.Test|Any CPU.ActiveCfg = Test|Any CPU
		{A38DD1E0-5DA1-4322-AFC4-5019308253D4}.Test|Any CPU.Build.0 = Test|Any CPU
		{A38DD1E0-5DA1-4322-AFC4-5019308253D4}.Test|x86.ActiveCfg = Test|x86
		{A38DD1E0-5DA1-4322-AFC4-5019308253D4}.Test|x86.Build.0 = Test|x86
		{42BCB8C2-5157-4ADF-ADFC-FEED4F4B2EE2}.Debug|Any CPU.ActiveCfg = Debug|Any CPU
		{42BCB8C2-5157-4ADF-ADFC-FEED4F4B2EE2}.Debug|Any CPU.Build.0 = Debug|Any CPU
		{42BCB8C2-5157-4ADF-ADFC-FEED4F4B2EE2}.Debug|x86.ActiveCfg = Debug|Any CPU
		{42BCB8C2-5157-4ADF-ADFC-FEED4F4B2EE2}.Release|Any CPU.ActiveCfg = Release|Any CPU
		{42BCB8C2-5157-4ADF-ADFC-FEED4F4B2EE2}.Release|Any CPU.Build.0 = Release|Any CPU
		{42BCB8C2-5157-4ADF-ADFC-FEED4F4B2EE2}.Release|x86.ActiveCfg = Release|Any CPU
		{42BCB8C2-5157-4ADF-ADFC-FEED4F4B2EE2}.Test|Any CPU.ActiveCfg = Release|Any CPU
		{42BCB8C2-5157-4ADF-ADFC-FEED4F4B2EE2}.Test|Any CPU.Build.0 = Release|Any CPU
		{42BCB8C2-5157-4ADF-ADFC-FEED4F4B2EE2}.Test|x86.ActiveCfg = Release|Any CPU
		{2B504BB4-801A-452D-B246-C5B5C571EFEA}.Debug|Any CPU.ActiveCfg = Debug|Any CPU
		{2B504BB4-801A-452D-B246-C5B5C571EFEA}.Debug|Any CPU.Build.0 = Debug|Any CPU
		{2B504BB4-801A-452D-B246-C5B5C571EFEA}.Debug|x86.ActiveCfg = Debug|Any CPU
		{2B504BB4-801A-452D-B246-C5B5C571EFEA}.Release|Any CPU.ActiveCfg = Release|Any CPU
		{2B504BB4-801A-452D-B246-C5B5C571EFEA}.Release|Any CPU.Build.0 = Release|Any CPU
		{2B504BB4-801A-452D-B246-C5B5C571EFEA}.Release|x86.ActiveCfg = Release|Any CPU
		{2B504BB4-801A-452D-B246-C5B5C571EFEA}.Test|Any CPU.ActiveCfg = Release|Any CPU
		{2B504BB4-801A-452D-B246-C5B5C571EFEA}.Test|Any CPU.Build.0 = Release|Any CPU
		{2B504BB4-801A-452D-B246-C5B5C571EFEA}.Test|x86.ActiveCfg = Release|Any CPU
		{7F755C52-C06F-4881-818A-FF512D91AED7}.Debug|Any CPU.ActiveCfg = Debug|Any CPU
		{7F755C52-C06F-4881-818A-FF512D91AED7}.Debug|Any CPU.Build.0 = Debug|Any CPU
		{7F755C52-C06F-4881-818A-FF512D91AED7}.Debug|x86.ActiveCfg = Debug|Any CPU
		{7F755C52-C06F-4881-818A-FF512D91AED7}.Release|Any CPU.ActiveCfg = Release|Any CPU
		{7F755C52-C06F-4881-818A-FF512D91AED7}.Release|Any CPU.Build.0 = Release|Any CPU
		{7F755C52-C06F-4881-818A-FF512D91AED7}.Release|x86.ActiveCfg = Release|Any CPU
		{7F755C52-C06F-4881-818A-FF512D91AED7}.Test|Any CPU.ActiveCfg = Release|Any CPU
		{7F755C52-C06F-4881-818A-FF512D91AED7}.Test|Any CPU.Build.0 = Release|Any CPU
		{7F755C52-C06F-4881-818A-FF512D91AED7}.Test|x86.ActiveCfg = Release|Any CPU
	EndGlobalSection
	GlobalSection(SolutionProperties) = preSolution
		HideSolutionNode = FALSE
	EndGlobalSection
	GlobalSection(NestedProjects) = preSolution
		{586D4D3D-48CB-4CE0-9856-3E50932F9CE3} = {0C26BC66-C314-4FC1-BEE7-066731C92CC1}
		{CE739469-745E-429E-A4E0-E6171D7AAD99} = {0C26BC66-C314-4FC1-BEE7-066731C92CC1}
		{E68F309C-AA06-4CB9-9EFF-F47B05F016F2} = {0C26BC66-C314-4FC1-BEE7-066731C92CC1}
		{2B504BB4-801A-452D-B246-C5B5C571EFEA} = {0C26BC66-C314-4FC1-BEE7-066731C92CC1}
		{7F755C52-C06F-4881-818A-FF512D91AED7} = {0C26BC66-C314-4FC1-BEE7-066731C92CC1}
		{B2B915CD-CD93-49A0-9181-2E2FC7C89383} = {73577042-FC45-43A9-8C64-DB9F41092F62}
		{61029C89-4429-47DB-9CCA-940D4FAD543B} = {73577042-FC45-43A9-8C64-DB9F41092F62}
		{16E3D45D-CB7B-499F-9C98-07E71BB23E3A} = {73577042-FC45-43A9-8C64-DB9F41092F62}
		{74660EED-8A4F-4251-AAC3-FC7F82A6B643} = {297A1CC6-0E3C-4F9A-9BC6-FD891EAF0A45}
		{FF6A7CBF-E632-4673-BAB7-B9386C74782A} = {297A1CC6-0E3C-4F9A-9BC6-FD891EAF0A45}
	EndGlobalSection
EndGlobal
